// !$*UTF8*$!
{
	archiveVersion = 1;
	classes = {
	};
	objectVersion = 46;
	objects = {

/* Begin PBXBuildFile section */
		8427FBA31E8C137600536BAB /* status.txt in Resources */ = {isa = PBXBuildFile; fileRef = 8427FBA21E8C137400536BAB /* status.txt */; };
		8488D42E1E54EBCF009AD9D8 /* AreaUnit.swift in Sources */ = {isa = PBXBuildFile; fileRef = 8488D4211E54EBCF009AD9D8 /* AreaUnit.swift */; };
		8488D42F1E54EBCF009AD9D8 /* AreaUnit+Imperial.swift in Sources */ = {isa = PBXBuildFile; fileRef = 8488D4221E54EBCF009AD9D8 /* AreaUnit+Imperial.swift */; };
		8488D4301E54EBCF009AD9D8 /* EnergyUnit.swift in Sources */ = {isa = PBXBuildFile; fileRef = 8488D4231E54EBCF009AD9D8 /* EnergyUnit.swift */; };
		8488D4311E54EBCF009AD9D8 /* LengthUnit.swift in Sources */ = {isa = PBXBuildFile; fileRef = 8488D4241E54EBCF009AD9D8 /* LengthUnit.swift */; };
		8488D4321E54EBCF009AD9D8 /* LengthUnit+Imperial.swift in Sources */ = {isa = PBXBuildFile; fileRef = 8488D4251E54EBCF009AD9D8 /* LengthUnit+Imperial.swift */; };
		8488D4331E54EBCF009AD9D8 /* MassUnit.swift in Sources */ = {isa = PBXBuildFile; fileRef = 8488D4261E54EBCF009AD9D8 /* MassUnit.swift */; };
		8488D4341E54EBCF009AD9D8 /* MassUnit+Imperial.swift in Sources */ = {isa = PBXBuildFile; fileRef = 8488D4271E54EBCF009AD9D8 /* MassUnit+Imperial.swift */; };
		8488D4351E54EBCF009AD9D8 /* Quantity.swift in Sources */ = {isa = PBXBuildFile; fileRef = 8488D4281E54EBCF009AD9D8 /* Quantity.swift */; };
		8488D4361E54EBCF009AD9D8 /* TimeUnit.swift in Sources */ = {isa = PBXBuildFile; fileRef = 8488D4291E54EBCF009AD9D8 /* TimeUnit.swift */; };
		8488D4371E54EBCF009AD9D8 /* Unit.swift in Sources */ = {isa = PBXBuildFile; fileRef = 8488D42A1E54EBCF009AD9D8 /* Unit.swift */; };
		8488D4381E54EBCF009AD9D8 /* VolumeUnit.swift in Sources */ = {isa = PBXBuildFile; fileRef = 8488D42B1E54EBCF009AD9D8 /* VolumeUnit.swift */; };
		8488D4391E54EBCF009AD9D8 /* VolumeUnit+Imperial.swift in Sources */ = {isa = PBXBuildFile; fileRef = 8488D42C1E54EBCF009AD9D8 /* VolumeUnit+Imperial.swift */; };
		8488D43A1E54EBCF009AD9D8 /* VolumeUnit+US.swift in Sources */ = {isa = PBXBuildFile; fileRef = 8488D42D1E54EBCF009AD9D8 /* VolumeUnit+US.swift */; };
		84E044491E37D9FE00A6AAB4 /* phobos - transit.gif in Resources */ = {isa = PBXBuildFile; fileRef = 84E044481E37D9FE00A6AAB4 /* phobos - transit.gif */; };
		C515AE611DC8E135009A498C /* TestViewController.swift in Sources */ = {isa = PBXBuildFile; fileRef = C515AE601DC8E135009A498C /* TestViewController.swift */; };
		C515AE631DC91126009A498C /* PlanetDetailViewController.swift in Sources */ = {isa = PBXBuildFile; fileRef = C515AE621DC91126009A498C /* PlanetDetailViewController.swift */; };
		C520FB3B1DFC928C004A0FE6 /* SKAnimator.swift in Sources */ = {isa = PBXBuildFile; fileRef = C520FB281DFC928C004A0FE6 /* SKAnimator.swift */; };
		C520FB3C1DFC928C004A0FE6 /* SKButtons.swift in Sources */ = {isa = PBXBuildFile; fileRef = C520FB291DFC928C004A0FE6 /* SKButtons.swift */; };
		C520FB3D1DFC928C004A0FE6 /* SKCache.swift in Sources */ = {isa = PBXBuildFile; fileRef = C520FB2A1DFC928C004A0FE6 /* SKCache.swift */; };
		C520FB3E1DFC928C004A0FE6 /* SKCacheable.swift in Sources */ = {isa = PBXBuildFile; fileRef = C520FB2B1DFC928C004A0FE6 /* SKCacheable.swift */; };
		C520FB3F1DFC928C004A0FE6 /* SKCaptionView.swift in Sources */ = {isa = PBXBuildFile; fileRef = C520FB2C1DFC928C004A0FE6 /* SKCaptionView.swift */; };
		C520FB401DFC928C004A0FE6 /* SKDetectingImageView.swift in Sources */ = {isa = PBXBuildFile; fileRef = C520FB2D1DFC928C004A0FE6 /* SKDetectingImageView.swift */; };
		C520FB411DFC928C004A0FE6 /* SKDetectingView.swift in Sources */ = {isa = PBXBuildFile; fileRef = C520FB2E1DFC928C004A0FE6 /* SKDetectingView.swift */; };
		C520FB421DFC928C004A0FE6 /* SKIndicatorView.swift in Sources */ = {isa = PBXBuildFile; fileRef = C520FB2F1DFC928C004A0FE6 /* SKIndicatorView.swift */; };
		C520FB431DFC928C004A0FE6 /* SKLocalPhoto.swift in Sources */ = {isa = PBXBuildFile; fileRef = C520FB301DFC928C004A0FE6 /* SKLocalPhoto.swift */; };
		C520FB441DFC928C004A0FE6 /* SKMesurement.swift in Sources */ = {isa = PBXBuildFile; fileRef = C520FB311DFC928C004A0FE6 /* SKMesurement.swift */; };
		C520FB451DFC928C004A0FE6 /* SKPagingScrollView.swift in Sources */ = {isa = PBXBuildFile; fileRef = C520FB321DFC928C004A0FE6 /* SKPagingScrollView.swift */; };
		C520FB461DFC928C004A0FE6 /* SKPhoto.swift in Sources */ = {isa = PBXBuildFile; fileRef = C520FB331DFC928C004A0FE6 /* SKPhoto.swift */; };
		C520FB471DFC928C004A0FE6 /* SKPhotoBrowser.bundle in Resources */ = {isa = PBXBuildFile; fileRef = C520FB341DFC928C004A0FE6 /* SKPhotoBrowser.bundle */; };
		C520FB481DFC928C004A0FE6 /* SKPhotoBrowser.swift in Sources */ = {isa = PBXBuildFile; fileRef = C520FB361DFC928C004A0FE6 /* SKPhotoBrowser.swift */; };
		C520FB491DFC928C004A0FE6 /* SKPhotoBrowserDelegate.swift in Sources */ = {isa = PBXBuildFile; fileRef = C520FB371DFC928C004A0FE6 /* SKPhotoBrowserDelegate.swift */; };
		C520FB4A1DFC928C004A0FE6 /* SKPhotoBrowserOptions.swift in Sources */ = {isa = PBXBuildFile; fileRef = C520FB381DFC928C004A0FE6 /* SKPhotoBrowserOptions.swift */; };
		C520FB4B1DFC928C004A0FE6 /* SKToolbar.swift in Sources */ = {isa = PBXBuildFile; fileRef = C520FB391DFC928C004A0FE6 /* SKToolbar.swift */; };
		C520FB4C1DFC928C004A0FE6 /* SKZoomingScrollView.swift in Sources */ = {isa = PBXBuildFile; fileRef = C520FB3A1DFC928C004A0FE6 /* SKZoomingScrollView.swift */; };
		C52458381DC578F1009F3374 /* Planet.swift in Sources */ = {isa = PBXBuildFile; fileRef = C52458371DC578F1009F3374 /* Planet.swift */; };
		C524583A1DC5988D009F3374 /* Moon.swift in Sources */ = {isa = PBXBuildFile; fileRef = C52458391DC5988D009F3374 /* Moon.swift */; };
		C524583C1DC59E0B009F3374 /* Types.swift in Sources */ = {isa = PBXBuildFile; fileRef = C524583B1DC59E0B009F3374 /* Types.swift */; };
		C54A98F91E032ED3009A8695 /* sextant.swift in Sources */ = {isa = PBXBuildFile; fileRef = C54A98F81E032ED3009A8695 /* sextant.swift */; };
		C54A98FB1E032F82009A8695 /* MoonGlobeViewController.swift in Sources */ = {isa = PBXBuildFile; fileRef = C54A98FA1E032F82009A8695 /* MoonGlobeViewController.swift */; };
		C54A98FF1E032FE2009A8695 /* MoonsMediaAboutViewController.swift in Sources */ = {isa = PBXBuildFile; fileRef = C54A98FE1E032FE2009A8695 /* MoonsMediaAboutViewController.swift */; };
		C54A99011E033001009A8695 /* MoonGeneralAboutViewController.swift in Sources */ = {isa = PBXBuildFile; fileRef = C54A99001E033001009A8695 /* MoonGeneralAboutViewController.swift */; };
		C54A99031E033013009A8695 /* MoonDetailsAboutViewController.swift in Sources */ = {isa = PBXBuildFile; fileRef = C54A99021E033013009A8695 /* MoonDetailsAboutViewController.swift */; };
		C54A99051E0333C8009A8695 /* MoonsAboutViewController.swift in Sources */ = {isa = PBXBuildFile; fileRef = C54A99041E0333C8009A8695 /* MoonsAboutViewController.swift */; };
		C566DED81E887FC0001EC3FE /* amalthea.dae in Resources */ = {isa = PBXBuildFile; fileRef = C566DED01E887FC0001EC3FE /* amalthea.dae */; };
		C566DED91E887FC0001EC3FE /* epimetheus.dae in Resources */ = {isa = PBXBuildFile; fileRef = C566DED11E887FC0001EC3FE /* epimetheus.dae */; };
		C566DEDA1E887FC0001EC3FE /* hyperion.dae in Resources */ = {isa = PBXBuildFile; fileRef = C566DED21E887FC0001EC3FE /* hyperion.dae */; };
		C566DEDB1E887FC0001EC3FE /* janus.dae in Resources */ = {isa = PBXBuildFile; fileRef = C566DED31E887FC0001EC3FE /* janus.dae */; };
		C566DEDC1E887FC0001EC3FE /* larissa.dae in Resources */ = {isa = PBXBuildFile; fileRef = C566DED41E887FC0001EC3FE /* larissa.dae */; };
		C566DEDD1E887FC0001EC3FE /* phobos.dae in Resources */ = {isa = PBXBuildFile; fileRef = C566DED51E887FC0001EC3FE /* phobos.dae */; };
		C566DEDE1E887FC0001EC3FE /* prometheus.dae in Resources */ = {isa = PBXBuildFile; fileRef = C566DED61E887FC0001EC3FE /* prometheus.dae */; };
		C566DEDF1E887FC0001EC3FE /* proteus.dae in Resources */ = {isa = PBXBuildFile; fileRef = C566DED71E887FC0001EC3FE /* proteus.dae */; };
		C58DEB8F1DC6B50400E6C1F3 /* PlanetCell.swift in Sources */ = {isa = PBXBuildFile; fileRef = C58DEB8E1DC6B50400E6C1F3 /* PlanetCell.swift */; };
		C5941BD41DBBFD940057A46A /* AppDelegate.swift in Sources */ = {isa = PBXBuildFile; fileRef = C5941BD31DBBFD940057A46A /* AppDelegate.swift */; };
		C5941BDD1DBBFD940057A46A /* Main.storyboard in Resources */ = {isa = PBXBuildFile; fileRef = C5941BDB1DBBFD940057A46A /* Main.storyboard */; };
		C5941BDF1DBBFD940057A46A /* Assets.xcassets in Resources */ = {isa = PBXBuildFile; fileRef = C5941BDE1DBBFD940057A46A /* Assets.xcassets */; };
		C5941BE21DBBFD940057A46A /* LaunchScreen.storyboard in Resources */ = {isa = PBXBuildFile; fileRef = C5941BE01DBBFD940057A46A /* LaunchScreen.storyboard */; };
		C5941BEA1DBBFEA40057A46A /* IntroPageViewController.swift in Sources */ = {isa = PBXBuildFile; fileRef = C5941BE91DBBFEA40057A46A /* IntroPageViewController.swift */; };
		C597D2D41E01E287006B6D6C /* MoonDetailViewController.swift in Sources */ = {isa = PBXBuildFile; fileRef = C597D2D31E01E287006B6D6C /* MoonDetailViewController.swift */; };
		C5991A3E1DD9738200A86F04 /* WaterfallLayout.swift in Sources */ = {isa = PBXBuildFile; fileRef = C5991A3D1DD9738200A86F04 /* WaterfallLayout.swift */; };
		C5AB79FA1DEC8D310097C295 /* DataViewCell.xib in Resources */ = {isa = PBXBuildFile; fileRef = C5AB79F91DEC8D310097C295 /* DataViewCell.xib */; };
		C5AB79FC1DEC8EA10097C295 /* DataViewCellController.swift in Sources */ = {isa = PBXBuildFile; fileRef = C5AB79FB1DEC8EA10097C295 /* DataViewCellController.swift */; };
		C5AEC3EE1DCE5CB200992AEB /* texture sources.rtf in Resources */ = {isa = PBXBuildFile; fileRef = C5AEC3ED1DCE5CB200992AEB /* texture sources.rtf */; };
		C5AEC3F11DCE778800992AEB /* GeneralAboutViewController.swift in Sources */ = {isa = PBXBuildFile; fileRef = C5AEC3F01DCE778800992AEB /* GeneralAboutViewController.swift */; };
		C5AEC3F31DCE77C500992AEB /* MoonAboutViewController.swift in Sources */ = {isa = PBXBuildFile; fileRef = C5AEC3F21DCE77C500992AEB /* MoonAboutViewController.swift */; };
		C5AEC3F51DCE77D500992AEB /* DetailsAboutViewController.swift in Sources */ = {isa = PBXBuildFile; fileRef = C5AEC3F41DCE77D500992AEB /* DetailsAboutViewController.swift */; };
		C5AEC3F71DCE77E600992AEB /* RingsAboutViewController.swift in Sources */ = {isa = PBXBuildFile; fileRef = C5AEC3F61DCE77E600992AEB /* RingsAboutViewController.swift */; };
		C5AEC3F91DCE77FA00992AEB /* MediaAboutViewController.swift in Sources */ = {isa = PBXBuildFile; fileRef = C5AEC3F81DCE77FA00992AEB /* MediaAboutViewController.swift */; };
		C5AEC3FB1DCE7BDE00992AEB /* AboutTableViewController.swift in Sources */ = {isa = PBXBuildFile; fileRef = C5AEC3FA1DCE7BDE00992AEB /* AboutTableViewController.swift */; };
		C5AEC3FD1DCE7D0400992AEB /* MoonCell.swift in Sources */ = {isa = PBXBuildFile; fileRef = C5AEC3FC1DCE7D0400992AEB /* MoonCell.swift */; };
		C5C24C7F1DC685F50028FAF5 /* PlanetListViewController.swift in Sources */ = {isa = PBXBuildFile; fileRef = C5C24C7E1DC685F50028FAF5 /* PlanetListViewController.swift */; };
		C5C24C811DC68DA10028FAF5 /* Objects.swift in Sources */ = {isa = PBXBuildFile; fileRef = C5C24C801DC68DA10028FAF5 /* Objects.swift */; };
		C5C281BB1DDB91420036C7A0 /* MediaHolder.swift in Sources */ = {isa = PBXBuildFile; fileRef = C5C281BA1DDB91420036C7A0 /* MediaHolder.swift */; };
		C5C281C01DDB94B60036C7A0 /* MediaViewCell.xib in Resources */ = {isa = PBXBuildFile; fileRef = C5C281BF1DDB94B60036C7A0 /* MediaViewCell.xib */; };
		C5CD59C01DD91E4F00ACB8EA /* GlobeViewController.swift in Sources */ = {isa = PBXBuildFile; fileRef = C5CD59BF1DD91E4F00ACB8EA /* GlobeViewController.swift */; };
		C5CD59C31DD91F8600ACB8EA /* background.mp4 in Resources */ = {isa = PBXBuildFile; fileRef = C5CD59C21DD91F8600ACB8EA /* background.mp4 */; };
		C5D515B81DE106400024638D /* InfoModalVewController.swift in Sources */ = {isa = PBXBuildFile; fileRef = C5D515B71DE106400024638D /* InfoModalVewController.swift */; };
		C5F3717A1E02366900DC373B /* deimos.dae in Resources */ = {isa = PBXBuildFile; fileRef = C5F371791E02366900DC373B /* deimos.dae */; };
		C5F8AA651DCA70330077F137 /* AboutViewController.swift in Sources */ = {isa = PBXBuildFile; fileRef = C5F8AA641DCA70330077F137 /* AboutViewController.swift */; };
/* End PBXBuildFile section */

/* Begin PBXFileReference section */
		8427FBA21E8C137400536BAB /* status.txt */ = {isa = PBXFileReference; fileEncoding = 4; lastKnownFileType = text; path = status.txt; sourceTree = "<group>"; };
		8488D4211E54EBCF009AD9D8 /* AreaUnit.swift */ = {isa = PBXFileReference; fileEncoding = 4; lastKnownFileType = sourcecode.swift; path = AreaUnit.swift; sourceTree = "<group>"; };
		8488D4221E54EBCF009AD9D8 /* AreaUnit+Imperial.swift */ = {isa = PBXFileReference; fileEncoding = 4; lastKnownFileType = sourcecode.swift; path = "AreaUnit+Imperial.swift"; sourceTree = "<group>"; };
		8488D4231E54EBCF009AD9D8 /* EnergyUnit.swift */ = {isa = PBXFileReference; fileEncoding = 4; lastKnownFileType = sourcecode.swift; path = EnergyUnit.swift; sourceTree = "<group>"; };
		8488D4241E54EBCF009AD9D8 /* LengthUnit.swift */ = {isa = PBXFileReference; fileEncoding = 4; lastKnownFileType = sourcecode.swift; path = LengthUnit.swift; sourceTree = "<group>"; };
		8488D4251E54EBCF009AD9D8 /* LengthUnit+Imperial.swift */ = {isa = PBXFileReference; fileEncoding = 4; lastKnownFileType = sourcecode.swift; path = "LengthUnit+Imperial.swift"; sourceTree = "<group>"; };
		8488D4261E54EBCF009AD9D8 /* MassUnit.swift */ = {isa = PBXFileReference; fileEncoding = 4; lastKnownFileType = sourcecode.swift; path = MassUnit.swift; sourceTree = "<group>"; };
		8488D4271E54EBCF009AD9D8 /* MassUnit+Imperial.swift */ = {isa = PBXFileReference; fileEncoding = 4; lastKnownFileType = sourcecode.swift; path = "MassUnit+Imperial.swift"; sourceTree = "<group>"; };
		8488D4281E54EBCF009AD9D8 /* Quantity.swift */ = {isa = PBXFileReference; fileEncoding = 4; lastKnownFileType = sourcecode.swift; path = Quantity.swift; sourceTree = "<group>"; };
		8488D4291E54EBCF009AD9D8 /* TimeUnit.swift */ = {isa = PBXFileReference; fileEncoding = 4; lastKnownFileType = sourcecode.swift; path = TimeUnit.swift; sourceTree = "<group>"; };
		8488D42A1E54EBCF009AD9D8 /* Unit.swift */ = {isa = PBXFileReference; fileEncoding = 4; lastKnownFileType = sourcecode.swift; path = Unit.swift; sourceTree = "<group>"; };
		8488D42B1E54EBCF009AD9D8 /* VolumeUnit.swift */ = {isa = PBXFileReference; fileEncoding = 4; lastKnownFileType = sourcecode.swift; path = VolumeUnit.swift; sourceTree = "<group>"; };
		8488D42C1E54EBCF009AD9D8 /* VolumeUnit+Imperial.swift */ = {isa = PBXFileReference; fileEncoding = 4; lastKnownFileType = sourcecode.swift; path = "VolumeUnit+Imperial.swift"; sourceTree = "<group>"; };
		8488D42D1E54EBCF009AD9D8 /* VolumeUnit+US.swift */ = {isa = PBXFileReference; fileEncoding = 4; lastKnownFileType = sourcecode.swift; path = "VolumeUnit+US.swift"; sourceTree = "<group>"; };
		84E044481E37D9FE00A6AAB4 /* phobos - transit.gif */ = {isa = PBXFileReference; lastKnownFileType = image.gif; path = "phobos - transit.gif"; sourceTree = "<group>"; };
		C515AE601DC8E135009A498C /* TestViewController.swift */ = {isa = PBXFileReference; fileEncoding = 4; lastKnownFileType = sourcecode.swift; path = TestViewController.swift; sourceTree = "<group>"; };
		C515AE621DC91126009A498C /* PlanetDetailViewController.swift */ = {isa = PBXFileReference; fileEncoding = 4; lastKnownFileType = sourcecode.swift; path = PlanetDetailViewController.swift; sourceTree = "<group>"; };
		C520FB281DFC928C004A0FE6 /* SKAnimator.swift */ = {isa = PBXFileReference; fileEncoding = 4; lastKnownFileType = sourcecode.swift; path = SKAnimator.swift; sourceTree = "<group>"; };
		C520FB291DFC928C004A0FE6 /* SKButtons.swift */ = {isa = PBXFileReference; fileEncoding = 4; lastKnownFileType = sourcecode.swift; path = SKButtons.swift; sourceTree = "<group>"; };
		C520FB2A1DFC928C004A0FE6 /* SKCache.swift */ = {isa = PBXFileReference; fileEncoding = 4; lastKnownFileType = sourcecode.swift; path = SKCache.swift; sourceTree = "<group>"; };
		C520FB2B1DFC928C004A0FE6 /* SKCacheable.swift */ = {isa = PBXFileReference; fileEncoding = 4; lastKnownFileType = sourcecode.swift; path = SKCacheable.swift; sourceTree = "<group>"; };
		C520FB2C1DFC928C004A0FE6 /* SKCaptionView.swift */ = {isa = PBXFileReference; fileEncoding = 4; lastKnownFileType = sourcecode.swift; path = SKCaptionView.swift; sourceTree = "<group>"; };
		C520FB2D1DFC928C004A0FE6 /* SKDetectingImageView.swift */ = {isa = PBXFileReference; fileEncoding = 4; lastKnownFileType = sourcecode.swift; path = SKDetectingImageView.swift; sourceTree = "<group>"; };
		C520FB2E1DFC928C004A0FE6 /* SKDetectingView.swift */ = {isa = PBXFileReference; fileEncoding = 4; lastKnownFileType = sourcecode.swift; path = SKDetectingView.swift; sourceTree = "<group>"; };
		C520FB2F1DFC928C004A0FE6 /* SKIndicatorView.swift */ = {isa = PBXFileReference; fileEncoding = 4; lastKnownFileType = sourcecode.swift; path = SKIndicatorView.swift; sourceTree = "<group>"; };
		C520FB301DFC928C004A0FE6 /* SKLocalPhoto.swift */ = {isa = PBXFileReference; fileEncoding = 4; lastKnownFileType = sourcecode.swift; path = SKLocalPhoto.swift; sourceTree = "<group>"; };
		C520FB311DFC928C004A0FE6 /* SKMesurement.swift */ = {isa = PBXFileReference; fileEncoding = 4; lastKnownFileType = sourcecode.swift; path = SKMesurement.swift; sourceTree = "<group>"; };
		C520FB321DFC928C004A0FE6 /* SKPagingScrollView.swift */ = {isa = PBXFileReference; fileEncoding = 4; lastKnownFileType = sourcecode.swift; path = SKPagingScrollView.swift; sourceTree = "<group>"; };
		C520FB331DFC928C004A0FE6 /* SKPhoto.swift */ = {isa = PBXFileReference; fileEncoding = 4; lastKnownFileType = sourcecode.swift; path = SKPhoto.swift; sourceTree = "<group>"; };
		C520FB341DFC928C004A0FE6 /* SKPhotoBrowser.bundle */ = {isa = PBXFileReference; lastKnownFileType = "wrapper.plug-in"; path = SKPhotoBrowser.bundle; sourceTree = "<group>"; };
		C520FB361DFC928C004A0FE6 /* SKPhotoBrowser.swift */ = {isa = PBXFileReference; fileEncoding = 4; lastKnownFileType = sourcecode.swift; path = SKPhotoBrowser.swift; sourceTree = "<group>"; };
		C520FB371DFC928C004A0FE6 /* SKPhotoBrowserDelegate.swift */ = {isa = PBXFileReference; fileEncoding = 4; lastKnownFileType = sourcecode.swift; path = SKPhotoBrowserDelegate.swift; sourceTree = "<group>"; };
		C520FB381DFC928C004A0FE6 /* SKPhotoBrowserOptions.swift */ = {isa = PBXFileReference; fileEncoding = 4; lastKnownFileType = sourcecode.swift; path = SKPhotoBrowserOptions.swift; sourceTree = "<group>"; };
		C520FB391DFC928C004A0FE6 /* SKToolbar.swift */ = {isa = PBXFileReference; fileEncoding = 4; lastKnownFileType = sourcecode.swift; path = SKToolbar.swift; sourceTree = "<group>"; };
		C520FB3A1DFC928C004A0FE6 /* SKZoomingScrollView.swift */ = {isa = PBXFileReference; fileEncoding = 4; lastKnownFileType = sourcecode.swift; path = SKZoomingScrollView.swift; sourceTree = "<group>"; };
		C52458371DC578F1009F3374 /* Planet.swift */ = {isa = PBXFileReference; fileEncoding = 4; lastKnownFileType = sourcecode.swift; path = Planet.swift; sourceTree = "<group>"; };
		C52458391DC5988D009F3374 /* Moon.swift */ = {isa = PBXFileReference; fileEncoding = 4; lastKnownFileType = sourcecode.swift; path = Moon.swift; sourceTree = "<group>"; };
		C524583B1DC59E0B009F3374 /* Types.swift */ = {isa = PBXFileReference; fileEncoding = 4; lastKnownFileType = sourcecode.swift; path = Types.swift; sourceTree = "<group>"; };
		C54A98F81E032ED3009A8695 /* sextant.swift */ = {isa = PBXFileReference; fileEncoding = 4; lastKnownFileType = sourcecode.swift; path = sextant.swift; sourceTree = "<group>"; };
		C54A98FA1E032F82009A8695 /* MoonGlobeViewController.swift */ = {isa = PBXFileReference; fileEncoding = 4; lastKnownFileType = sourcecode.swift; path = MoonGlobeViewController.swift; sourceTree = "<group>"; };
		C54A98FE1E032FE2009A8695 /* MoonsMediaAboutViewController.swift */ = {isa = PBXFileReference; fileEncoding = 4; lastKnownFileType = sourcecode.swift; path = MoonsMediaAboutViewController.swift; sourceTree = "<group>"; };
		C54A99001E033001009A8695 /* MoonGeneralAboutViewController.swift */ = {isa = PBXFileReference; fileEncoding = 4; lastKnownFileType = sourcecode.swift; path = MoonGeneralAboutViewController.swift; sourceTree = "<group>"; };
		C54A99021E033013009A8695 /* MoonDetailsAboutViewController.swift */ = {isa = PBXFileReference; fileEncoding = 4; lastKnownFileType = sourcecode.swift; path = MoonDetailsAboutViewController.swift; sourceTree = "<group>"; };
		C54A99041E0333C8009A8695 /* MoonsAboutViewController.swift */ = {isa = PBXFileReference; fileEncoding = 4; lastKnownFileType = sourcecode.swift; path = MoonsAboutViewController.swift; sourceTree = "<group>"; };
		C566DED01E887FC0001EC3FE /* amalthea.dae */ = {isa = PBXFileReference; fileEncoding = 4; lastKnownFileType = text.xml.dae; path = amalthea.dae; sourceTree = "<group>"; };
		C566DED11E887FC0001EC3FE /* epimetheus.dae */ = {isa = PBXFileReference; fileEncoding = 4; lastKnownFileType = text.xml.dae; path = epimetheus.dae; sourceTree = "<group>"; };
		C566DED21E887FC0001EC3FE /* hyperion.dae */ = {isa = PBXFileReference; fileEncoding = 4; lastKnownFileType = text.xml.dae; path = hyperion.dae; sourceTree = "<group>"; };
		C566DED31E887FC0001EC3FE /* janus.dae */ = {isa = PBXFileReference; fileEncoding = 4; lastKnownFileType = text.xml.dae; path = janus.dae; sourceTree = "<group>"; };
		C566DED41E887FC0001EC3FE /* larissa.dae */ = {isa = PBXFileReference; fileEncoding = 4; lastKnownFileType = text.xml.dae; path = larissa.dae; sourceTree = "<group>"; };
		C566DED51E887FC0001EC3FE /* phobos.dae */ = {isa = PBXFileReference; fileEncoding = 4; lastKnownFileType = text.xml.dae; path = phobos.dae; sourceTree = "<group>"; };
		C566DED61E887FC0001EC3FE /* prometheus.dae */ = {isa = PBXFileReference; fileEncoding = 4; lastKnownFileType = text.xml.dae; path = prometheus.dae; sourceTree = "<group>"; };
		C566DED71E887FC0001EC3FE /* proteus.dae */ = {isa = PBXFileReference; fileEncoding = 4; lastKnownFileType = text.xml.dae; path = proteus.dae; sourceTree = "<group>"; };
		C58DEB8E1DC6B50400E6C1F3 /* PlanetCell.swift */ = {isa = PBXFileReference; fileEncoding = 4; lastKnownFileType = sourcecode.swift; path = PlanetCell.swift; sourceTree = "<group>"; };
		C5941BD01DBBFD940057A46A /* Occupy Mars.app */ = {isa = PBXFileReference; explicitFileType = wrapper.application; includeInIndex = 0; path = "Occupy Mars.app"; sourceTree = BUILT_PRODUCTS_DIR; };
		C5941BD31DBBFD940057A46A /* AppDelegate.swift */ = {isa = PBXFileReference; lastKnownFileType = sourcecode.swift; path = AppDelegate.swift; sourceTree = "<group>"; };
		C5941BDC1DBBFD940057A46A /* Base */ = {isa = PBXFileReference; lastKnownFileType = file.storyboard; name = Base; path = Base.lproj/Main.storyboard; sourceTree = "<group>"; };
		C5941BDE1DBBFD940057A46A /* Assets.xcassets */ = {isa = PBXFileReference; lastKnownFileType = folder.assetcatalog; path = Assets.xcassets; sourceTree = "<group>"; };
		C5941BE11DBBFD940057A46A /* Base */ = {isa = PBXFileReference; lastKnownFileType = file.storyboard; name = Base; path = Base.lproj/LaunchScreen.storyboard; sourceTree = "<group>"; };
		C5941BE31DBBFD940057A46A /* Info.plist */ = {isa = PBXFileReference; lastKnownFileType = text.plist.xml; path = Info.plist; sourceTree = "<group>"; };
		C5941BE91DBBFEA40057A46A /* IntroPageViewController.swift */ = {isa = PBXFileReference; fileEncoding = 4; lastKnownFileType = sourcecode.swift; path = IntroPageViewController.swift; sourceTree = "<group>"; };
		C597D2D31E01E287006B6D6C /* MoonDetailViewController.swift */ = {isa = PBXFileReference; fileEncoding = 4; lastKnownFileType = sourcecode.swift; path = MoonDetailViewController.swift; sourceTree = "<group>"; };
		C5991A3D1DD9738200A86F04 /* WaterfallLayout.swift */ = {isa = PBXFileReference; fileEncoding = 4; lastKnownFileType = sourcecode.swift; path = WaterfallLayout.swift; sourceTree = "<group>"; };
		C5AB79F91DEC8D310097C295 /* DataViewCell.xib */ = {isa = PBXFileReference; fileEncoding = 4; lastKnownFileType = file.xib; path = DataViewCell.xib; sourceTree = "<group>"; };
		C5AB79FB1DEC8EA10097C295 /* DataViewCellController.swift */ = {isa = PBXFileReference; fileEncoding = 4; lastKnownFileType = sourcecode.swift; path = DataViewCellController.swift; sourceTree = "<group>"; };
		C5AEC3ED1DCE5CB200992AEB /* texture sources.rtf */ = {isa = PBXFileReference; fileEncoding = 4; lastKnownFileType = text.rtf; path = "texture sources.rtf"; sourceTree = "<group>"; };
		C5AEC3F01DCE778800992AEB /* GeneralAboutViewController.swift */ = {isa = PBXFileReference; fileEncoding = 4; lastKnownFileType = sourcecode.swift; path = GeneralAboutViewController.swift; sourceTree = "<group>"; };
		C5AEC3F21DCE77C500992AEB /* MoonAboutViewController.swift */ = {isa = PBXFileReference; fileEncoding = 4; lastKnownFileType = sourcecode.swift; path = MoonAboutViewController.swift; sourceTree = "<group>"; };
		C5AEC3F41DCE77D500992AEB /* DetailsAboutViewController.swift */ = {isa = PBXFileReference; fileEncoding = 4; lastKnownFileType = sourcecode.swift; path = DetailsAboutViewController.swift; sourceTree = "<group>"; };
		C5AEC3F61DCE77E600992AEB /* RingsAboutViewController.swift */ = {isa = PBXFileReference; fileEncoding = 4; lastKnownFileType = sourcecode.swift; path = RingsAboutViewController.swift; sourceTree = "<group>"; };
		C5AEC3F81DCE77FA00992AEB /* MediaAboutViewController.swift */ = {isa = PBXFileReference; fileEncoding = 4; lastKnownFileType = sourcecode.swift; path = MediaAboutViewController.swift; sourceTree = "<group>"; };
		C5AEC3FA1DCE7BDE00992AEB /* AboutTableViewController.swift */ = {isa = PBXFileReference; fileEncoding = 4; lastKnownFileType = sourcecode.swift; path = AboutTableViewController.swift; sourceTree = "<group>"; };
		C5AEC3FC1DCE7D0400992AEB /* MoonCell.swift */ = {isa = PBXFileReference; fileEncoding = 4; lastKnownFileType = sourcecode.swift; path = MoonCell.swift; sourceTree = "<group>"; };
		C5C24C7E1DC685F50028FAF5 /* PlanetListViewController.swift */ = {isa = PBXFileReference; fileEncoding = 4; lastKnownFileType = sourcecode.swift; path = PlanetListViewController.swift; sourceTree = "<group>"; };
		C5C24C801DC68DA10028FAF5 /* Objects.swift */ = {isa = PBXFileReference; fileEncoding = 4; lastKnownFileType = sourcecode.swift; path = Objects.swift; sourceTree = "<group>"; };
		C5C281BA1DDB91420036C7A0 /* MediaHolder.swift */ = {isa = PBXFileReference; fileEncoding = 4; lastKnownFileType = sourcecode.swift; path = MediaHolder.swift; sourceTree = "<group>"; };
		C5C281BF1DDB94B60036C7A0 /* MediaViewCell.xib */ = {isa = PBXFileReference; fileEncoding = 4; lastKnownFileType = file.xib; path = MediaViewCell.xib; sourceTree = "<group>"; };
		C5CD59BF1DD91E4F00ACB8EA /* GlobeViewController.swift */ = {isa = PBXFileReference; fileEncoding = 4; lastKnownFileType = sourcecode.swift; path = GlobeViewController.swift; sourceTree = "<group>"; };
		C5CD59C21DD91F8600ACB8EA /* background.mp4 */ = {isa = PBXFileReference; lastKnownFileType = file; path = background.mp4; sourceTree = "<group>"; };
		C5D515B71DE106400024638D /* InfoModalVewController.swift */ = {isa = PBXFileReference; fileEncoding = 4; lastKnownFileType = sourcecode.swift; path = InfoModalVewController.swift; sourceTree = "<group>"; };
		C5F371791E02366900DC373B /* deimos.dae */ = {isa = PBXFileReference; fileEncoding = 4; lastKnownFileType = text.xml.dae; name = deimos.dae; path = Assets.xcassets/mars/demios/demios.dataset/deimos.dae; sourceTree = "<group>"; };
		C5F8AA641DCA70330077F137 /* AboutViewController.swift */ = {isa = PBXFileReference; fileEncoding = 4; lastKnownFileType = sourcecode.swift; path = AboutViewController.swift; sourceTree = "<group>"; };
/* End PBXFileReference section */

/* Begin PBXFrameworksBuildPhase section */
		C5941BCD1DBBFD940057A46A /* Frameworks */ = {
			isa = PBXFrameworksBuildPhase;
			buildActionMask = 2147483647;
			files = (
			);
			runOnlyForDeploymentPostprocessing = 0;
		};
/* End PBXFrameworksBuildPhase section */

/* Begin PBXGroup section */
		8488D4201E54EBAB009AD9D8 /* units */ = {
			isa = PBXGroup;
			children = (
				8488D4211E54EBCF009AD9D8 /* AreaUnit.swift */,
				8488D4221E54EBCF009AD9D8 /* AreaUnit+Imperial.swift */,
				8488D4231E54EBCF009AD9D8 /* EnergyUnit.swift */,
				8488D4241E54EBCF009AD9D8 /* LengthUnit.swift */,
				8488D4251E54EBCF009AD9D8 /* LengthUnit+Imperial.swift */,
				8488D4261E54EBCF009AD9D8 /* MassUnit.swift */,
				8488D4271E54EBCF009AD9D8 /* MassUnit+Imperial.swift */,
				8488D4281E54EBCF009AD9D8 /* Quantity.swift */,
				8488D4291E54EBCF009AD9D8 /* TimeUnit.swift */,
				8488D42A1E54EBCF009AD9D8 /* Unit.swift */,
				8488D42B1E54EBCF009AD9D8 /* VolumeUnit.swift */,
				8488D42C1E54EBCF009AD9D8 /* VolumeUnit+Imperial.swift */,
				8488D42D1E54EBCF009AD9D8 /* VolumeUnit+US.swift */,
			);
			name = units;
			sourceTree = "<group>";
		};
		84E044421E37D4A500A6AAB4 /* view */ = {
			isa = PBXGroup;
			children = (
				C5AB79F91DEC8D310097C295 /* DataViewCell.xib */,
				C5941BE01DBBFD940057A46A /* LaunchScreen.storyboard */,
				C5941BDB1DBBFD940057A46A /* Main.storyboard */,
				C5C281BF1DDB94B60036C7A0 /* MediaViewCell.xib */,
			);
			name = view;
			sourceTree = "<group>";
		};
		84E044431E37D55F00A6AAB4 /* resources */ = {
			isa = PBXGroup;
			children = (
				C5CD59C21DD91F8600ACB8EA /* background.mp4 */,
				84E044451E37D5DA00A6AAB4 /* gifs */,
				84E044441E37D57600A6AAB4 /* models */,
			);
			name = resources;
			sourceTree = "<group>";
		};
		84E044441E37D57600A6AAB4 /* models */ = {
			isa = PBXGroup;
			children = (
				C5F371791E02366900DC373B /* deimos.dae */,
				C566DED01E887FC0001EC3FE /* amalthea.dae */,
				C566DED11E887FC0001EC3FE /* epimetheus.dae */,
				C566DED21E887FC0001EC3FE /* hyperion.dae */,
				C566DED31E887FC0001EC3FE /* janus.dae */,
				C566DED41E887FC0001EC3FE /* larissa.dae */,
				C566DED51E887FC0001EC3FE /* phobos.dae */,
				C566DED61E887FC0001EC3FE /* prometheus.dae */,
				C566DED71E887FC0001EC3FE /* proteus.dae */,
			);
			name = models;
			sourceTree = "<group>";
		};
		84E044451E37D5DA00A6AAB4 /* gifs */ = {
			isa = PBXGroup;
			children = (
				84E044481E37D9FE00A6AAB4 /* phobos - transit.gif */,
			);
			name = gifs;
			sourceTree = "<group>";
		};
		C52458361DC578BA009F3374 /* model */ = {
			isa = PBXGroup;
			children = (
				C52458371DC578F1009F3374 /* Planet.swift */,
				C52458391DC5988D009F3374 /* Moon.swift */,
				C524583B1DC59E0B009F3374 /* Types.swift */,
				C5C24C801DC68DA10028FAF5 /* Objects.swift */,
				C5AEC3ED1DCE5CB200992AEB /* texture sources.rtf */,
				8427FBA21E8C137400536BAB /* status.txt */,
			);
			name = model;
			sourceTree = "<group>";
		};
		C54A98FC1E032F8A009A8695 /* planets */ = {
			isa = PBXGroup;
			children = (
				C5AEC3F21DCE77C500992AEB /* MoonAboutViewController.swift */,
				C5AEC3F81DCE77FA00992AEB /* MediaAboutViewController.swift */,
				C5AEC3FA1DCE7BDE00992AEB /* AboutTableViewController.swift */,
				C5F8AA641DCA70330077F137 /* AboutViewController.swift */,
				C5CD59BF1DD91E4F00ACB8EA /* GlobeViewController.swift */,
				C5AEC3F61DCE77E600992AEB /* RingsAboutViewController.swift */,
				C5AEC3F01DCE778800992AEB /* GeneralAboutViewController.swift */,
				C5AEC3F41DCE77D500992AEB /* DetailsAboutViewController.swift */,
			);
			name = planets;
			sourceTree = "<group>";
		};
		C54A98FD1E032F9E009A8695 /* moons */ = {
			isa = PBXGroup;
			children = (
				C54A98FA1E032F82009A8695 /* MoonGlobeViewController.swift */,
				C54A98FE1E032FE2009A8695 /* MoonsMediaAboutViewController.swift */,
				C54A99001E033001009A8695 /* MoonGeneralAboutViewController.swift */,
				C54A99021E033013009A8695 /* MoonDetailsAboutViewController.swift */,
				C54A99041E0333C8009A8695 /* MoonsAboutViewController.swift */,
			);
			name = moons;
			sourceTree = "<group>";
		};
		C5941BC71DBBFD940057A46A = {
			isa = PBXGroup;
			children = (
				C5941BD21DBBFD940057A46A /* Occupy Mars */,
				C5941BD11DBBFD940057A46A /* Products */,
			);
			sourceTree = "<group>";
		};
		C5941BD11DBBFD940057A46A /* Products */ = {
			isa = PBXGroup;
			children = (
				C5941BD01DBBFD940057A46A /* Occupy Mars.app */,
			);
			name = Products;
			sourceTree = "<group>";
		};
		C5941BD21DBBFD940057A46A /* Occupy Mars */ = {
			isa = PBXGroup;
			children = (
				C52458361DC578BA009F3374 /* model */,
				84E044421E37D4A500A6AAB4 /* view */,
				C5941BE31DBBFD940057A46A /* Info.plist */,
				84E044431E37D55F00A6AAB4 /* resources */,
				C5941BDE1DBBFD940057A46A /* Assets.xcassets */,
				C5941BD31DBBFD940057A46A /* AppDelegate.swift */,
				C58DEB8E1DC6B50400E6C1F3 /* PlanetCell.swift */,
				C5AEC3FC1DCE7D0400992AEB /* MoonCell.swift */,
				C5941BE91DBBFEA40057A46A /* IntroPageViewController.swift */,
				C5D515B71DE106400024638D /* InfoModalVewController.swift */,
				C5C24C7E1DC685F50028FAF5 /* PlanetListViewController.swift */,
				C515AE601DC8E135009A498C /* TestViewController.swift */,
				C515AE621DC91126009A498C /* PlanetDetailViewController.swift */,
				C597D2D31E01E287006B6D6C /* MoonDetailViewController.swift */,
				C54A98F81E032ED3009A8695 /* sextant.swift */,
				C5AEC3EF1DCE775100992AEB /* details */,
				8488D4201E54EBAB009AD9D8 /* units */,
				C5CF53D81DFC7EC0008A6489 /* photo browser */,
			);
			path = "Occupy Mars";
			sourceTree = "<group>";
		};
		C5AEC3EF1DCE775100992AEB /* details */ = {
			isa = PBXGroup;
			children = (
				C54A98FD1E032F9E009A8695 /* moons */,
				C54A98FC1E032F8A009A8695 /* planets */,
				C5C281BA1DDB91420036C7A0 /* MediaHolder.swift */,
				C5AB79FB1DEC8EA10097C295 /* DataViewCellController.swift */,
				C5991A3D1DD9738200A86F04 /* WaterfallLayout.swift */,
			);
			name = details;
			sourceTree = "<group>";
		};
		C5CF53D81DFC7EC0008A6489 /* photo browser */ = {
			isa = PBXGroup;
			children = (
				C520FB281DFC928C004A0FE6 /* SKAnimator.swift */,
				C520FB291DFC928C004A0FE6 /* SKButtons.swift */,
				C520FB2A1DFC928C004A0FE6 /* SKCache.swift */,
				C520FB2B1DFC928C004A0FE6 /* SKCacheable.swift */,
				C520FB2C1DFC928C004A0FE6 /* SKCaptionView.swift */,
				C520FB2D1DFC928C004A0FE6 /* SKDetectingImageView.swift */,
				C520FB2E1DFC928C004A0FE6 /* SKDetectingView.swift */,
				C520FB2F1DFC928C004A0FE6 /* SKIndicatorView.swift */,
				C520FB301DFC928C004A0FE6 /* SKLocalPhoto.swift */,
				C520FB311DFC928C004A0FE6 /* SKMesurement.swift */,
				C520FB321DFC928C004A0FE6 /* SKPagingScrollView.swift */,
				C520FB331DFC928C004A0FE6 /* SKPhoto.swift */,
				C520FB341DFC928C004A0FE6 /* SKPhotoBrowser.bundle */,
				C520FB361DFC928C004A0FE6 /* SKPhotoBrowser.swift */,
				C520FB371DFC928C004A0FE6 /* SKPhotoBrowserDelegate.swift */,
				C520FB381DFC928C004A0FE6 /* SKPhotoBrowserOptions.swift */,
				C520FB391DFC928C004A0FE6 /* SKToolbar.swift */,
				C520FB3A1DFC928C004A0FE6 /* SKZoomingScrollView.swift */,
			);
			name = "photo browser";
			sourceTree = "<group>";
		};
/* End PBXGroup section */

/* Begin PBXNativeTarget section */
		C5941BCF1DBBFD940057A46A /* Occupy Mars */ = {
			isa = PBXNativeTarget;
			buildConfigurationList = C5941BE61DBBFD940057A46A /* Build configuration list for PBXNativeTarget "Occupy Mars" */;
			buildPhases = (
				C5941BCC1DBBFD940057A46A /* Sources */,
				C5941BCD1DBBFD940057A46A /* Frameworks */,
				C5941BCE1DBBFD940057A46A /* Resources */,
			);
			buildRules = (
			);
			dependencies = (
			);
			name = "Occupy Mars";
			productName = "Occupy Mars";
			productReference = C5941BD01DBBFD940057A46A /* Occupy Mars.app */;
			productType = "com.apple.product-type.application";
		};
/* End PBXNativeTarget section */

/* Begin PBXProject section */
		C5941BC81DBBFD940057A46A /* Project object */ = {
			isa = PBXProject;
			attributes = {
				LastSwiftUpdateCheck = 0730;
				LastUpgradeCheck = 0810;
				ORGANIZATIONNAME = "Slaght, Brandon";
				TargetAttributes = {
					C5941BCF1DBBFD940057A46A = {
						CreatedOnToolsVersion = 7.3.1;
						DevelopmentTeam = 98PHYR992B;
						LastSwiftMigration = 0810;
						ProvisioningStyle = Automatic;
					};
				};
			};
			buildConfigurationList = C5941BCB1DBBFD940057A46A /* Build configuration list for PBXProject "Occupy Mars" */;
			compatibilityVersion = "Xcode 3.2";
			developmentRegion = English;
			hasScannedForEncodings = 0;
			knownRegions = (
				en,
				Base,
			);
			mainGroup = C5941BC71DBBFD940057A46A;
			productRefGroup = C5941BD11DBBFD940057A46A /* Products */;
			projectDirPath = "";
			projectRoot = "";
			targets = (
				C5941BCF1DBBFD940057A46A /* Occupy Mars */,
			);
		};
/* End PBXProject section */

/* Begin PBXResourcesBuildPhase section */
		C5941BCE1DBBFD940057A46A /* Resources */ = {
			isa = PBXResourcesBuildPhase;
			buildActionMask = 2147483647;
			files = (
				C5F3717A1E02366900DC373B /* deimos.dae in Resources */,
				C566DED91E887FC0001EC3FE /* epimetheus.dae in Resources */,
				C566DEDB1E887FC0001EC3FE /* janus.dae in Resources */,
				8427FBA31E8C137600536BAB /* status.txt in Resources */,
				C566DEDF1E887FC0001EC3FE /* proteus.dae in Resources */,
				C5941BE21DBBFD940057A46A /* LaunchScreen.storyboard in Resources */,
				C5AEC3EE1DCE5CB200992AEB /* texture sources.rtf in Resources */,
				C566DEDC1E887FC0001EC3FE /* larissa.dae in Resources */,
				C5941BDF1DBBFD940057A46A /* Assets.xcassets in Resources */,
				C5AB79FA1DEC8D310097C295 /* DataViewCell.xib in Resources */,
				C5CD59C31DD91F8600ACB8EA /* background.mp4 in Resources */,
				C566DEDE1E887FC0001EC3FE /* prometheus.dae in Resources */,
				C5C281C01DDB94B60036C7A0 /* MediaViewCell.xib in Resources */,
				C566DEDA1E887FC0001EC3FE /* hyperion.dae in Resources */,
				C5941BDD1DBBFD940057A46A /* Main.storyboard in Resources */,
				C566DEDD1E887FC0001EC3FE /* phobos.dae in Resources */,
				C566DED81E887FC0001EC3FE /* amalthea.dae in Resources */,
				84E044491E37D9FE00A6AAB4 /* phobos - transit.gif in Resources */,
				C520FB471DFC928C004A0FE6 /* SKPhotoBrowser.bundle in Resources */,
			);
			runOnlyForDeploymentPostprocessing = 0;
		};
/* End PBXResourcesBuildPhase section */

/* Begin PBXSourcesBuildPhase section */
		C5941BCC1DBBFD940057A46A /* Sources */ = {
			isa = PBXSourcesBuildPhase;
			buildActionMask = 2147483647;
			files = (
				C520FB431DFC928C004A0FE6 /* SKLocalPhoto.swift in Sources */,
				C520FB411DFC928C004A0FE6 /* SKDetectingView.swift in Sources */,
				8488D4391E54EBCF009AD9D8 /* VolumeUnit+Imperial.swift in Sources */,
				8488D4341E54EBCF009AD9D8 /* MassUnit+Imperial.swift in Sources */,
				C515AE611DC8E135009A498C /* TestViewController.swift in Sources */,
				C520FB451DFC928C004A0FE6 /* SKPagingScrollView.swift in Sources */,
				C520FB3C1DFC928C004A0FE6 /* SKButtons.swift in Sources */,
				8488D4371E54EBCF009AD9D8 /* Unit.swift in Sources */,
				C520FB491DFC928C004A0FE6 /* SKPhotoBrowserDelegate.swift in Sources */,
				8488D43A1E54EBCF009AD9D8 /* VolumeUnit+US.swift in Sources */,
				C597D2D41E01E287006B6D6C /* MoonDetailViewController.swift in Sources */,
				C5941BEA1DBBFEA40057A46A /* IntroPageViewController.swift in Sources */,
				C54A98FF1E032FE2009A8695 /* MoonsMediaAboutViewController.swift in Sources */,
				C520FB4C1DFC928C004A0FE6 /* SKZoomingScrollView.swift in Sources */,
				C54A98F91E032ED3009A8695 /* sextant.swift in Sources */,
				C5AEC3F11DCE778800992AEB /* GeneralAboutViewController.swift in Sources */,
				C520FB401DFC928C004A0FE6 /* SKDetectingImageView.swift in Sources */,
				C520FB3E1DFC928C004A0FE6 /* SKCacheable.swift in Sources */,
				C54A99031E033013009A8695 /* MoonDetailsAboutViewController.swift in Sources */,
				C520FB441DFC928C004A0FE6 /* SKMesurement.swift in Sources */,
				C520FB3F1DFC928C004A0FE6 /* SKCaptionView.swift in Sources */,
				C520FB481DFC928C004A0FE6 /* SKPhotoBrowser.swift in Sources */,
				C5AEC3F91DCE77FA00992AEB /* MediaAboutViewController.swift in Sources */,
				C5D515B81DE106400024638D /* InfoModalVewController.swift in Sources */,
				C5AEC3FD1DCE7D0400992AEB /* MoonCell.swift in Sources */,
				C5F8AA651DCA70330077F137 /* AboutViewController.swift in Sources */,
				C5AEC3F51DCE77D500992AEB /* DetailsAboutViewController.swift in Sources */,
				8488D4301E54EBCF009AD9D8 /* EnergyUnit.swift in Sources */,
				C5941BD41DBBFD940057A46A /* AppDelegate.swift in Sources */,
				8488D42F1E54EBCF009AD9D8 /* AreaUnit+Imperial.swift in Sources */,
				C520FB4B1DFC928C004A0FE6 /* SKToolbar.swift in Sources */,
				8488D4351E54EBCF009AD9D8 /* Quantity.swift in Sources */,
				C54A98FB1E032F82009A8695 /* MoonGlobeViewController.swift in Sources */,
				C5991A3E1DD9738200A86F04 /* WaterfallLayout.swift in Sources */,
				C5C24C811DC68DA10028FAF5 /* Objects.swift in Sources */,
				8488D4311E54EBCF009AD9D8 /* LengthUnit.swift in Sources */,
				C54A99051E0333C8009A8695 /* MoonsAboutViewController.swift in Sources */,
				C524583A1DC5988D009F3374 /* Moon.swift in Sources */,
				C520FB421DFC928C004A0FE6 /* SKIndicatorView.swift in Sources */,
				C520FB3B1DFC928C004A0FE6 /* SKAnimator.swift in Sources */,
				C524583C1DC59E0B009F3374 /* Types.swift in Sources */,
				C5C24C7F1DC685F50028FAF5 /* PlanetListViewController.swift in Sources */,
				8488D42E1E54EBCF009AD9D8 /* AreaUnit.swift in Sources */,
				8488D4361E54EBCF009AD9D8 /* TimeUnit.swift in Sources */,
				C520FB3D1DFC928C004A0FE6 /* SKCache.swift in Sources */,
				C520FB461DFC928C004A0FE6 /* SKPhoto.swift in Sources */,
				8488D4321E54EBCF009AD9D8 /* LengthUnit+Imperial.swift in Sources */,
				C5AEC3FB1DCE7BDE00992AEB /* AboutTableViewController.swift in Sources */,
				C515AE631DC91126009A498C /* PlanetDetailViewController.swift in Sources */,
				C5AEC3F31DCE77C500992AEB /* MoonAboutViewController.swift in Sources */,
				8488D4331E54EBCF009AD9D8 /* MassUnit.swift in Sources */,
				C5CD59C01DD91E4F00ACB8EA /* GlobeViewController.swift in Sources */,
				C520FB4A1DFC928C004A0FE6 /* SKPhotoBrowserOptions.swift in Sources */,
				C54A99011E033001009A8695 /* MoonGeneralAboutViewController.swift in Sources */,
				C5AB79FC1DEC8EA10097C295 /* DataViewCellController.swift in Sources */,
				C5C281BB1DDB91420036C7A0 /* MediaHolder.swift in Sources */,
				C5AEC3F71DCE77E600992AEB /* RingsAboutViewController.swift in Sources */,
				C58DEB8F1DC6B50400E6C1F3 /* PlanetCell.swift in Sources */,
				C52458381DC578F1009F3374 /* Planet.swift in Sources */,
				8488D4381E54EBCF009AD9D8 /* VolumeUnit.swift in Sources */,
			);
			runOnlyForDeploymentPostprocessing = 0;
		};
/* End PBXSourcesBuildPhase section */

/* Begin PBXVariantGroup section */
		C5941BDB1DBBFD940057A46A /* Main.storyboard */ = {
			isa = PBXVariantGroup;
			children = (
				C5941BDC1DBBFD940057A46A /* Base */,
			);
			name = Main.storyboard;
			sourceTree = "<group>";
		};
		C5941BE01DBBFD940057A46A /* LaunchScreen.storyboard */ = {
			isa = PBXVariantGroup;
			children = (
				C5941BE11DBBFD940057A46A /* Base */,
			);
			name = LaunchScreen.storyboard;
			sourceTree = "<group>";
		};
/* End PBXVariantGroup section */

/* Begin XCBuildConfiguration section */
		C5941BE41DBBFD940057A46A /* Debug */ = {
			isa = XCBuildConfiguration;
			buildSettings = {
				ALWAYS_SEARCH_USER_PATHS = NO;
				CLANG_ANALYZER_NONNULL = YES;
				CLANG_CXX_LANGUAGE_STANDARD = "gnu++0x";
				CLANG_CXX_LIBRARY = "libc++";
				CLANG_ENABLE_MODULES = YES;
				CLANG_ENABLE_OBJC_ARC = YES;
				CLANG_WARN_BOOL_CONVERSION = YES;
				CLANG_WARN_CONSTANT_CONVERSION = YES;
				CLANG_WARN_DIRECT_OBJC_ISA_USAGE = YES_ERROR;
				CLANG_WARN_EMPTY_BODY = YES;
				CLANG_WARN_ENUM_CONVERSION = YES;
				CLANG_WARN_INFINITE_RECURSION = YES;
				CLANG_WARN_INT_CONVERSION = YES;
				CLANG_WARN_OBJC_ROOT_CLASS = YES_ERROR;
				CLANG_WARN_SUSPICIOUS_MOVE = YES;
				CLANG_WARN_UNREACHABLE_CODE = YES;
				CLANG_WARN__DUPLICATE_METHOD_MATCH = YES;
				CODE_SIGN_IDENTITY = "iPhone Developer: brandonsesipod@gmail.com (37Y7RQX674)";
				"CODE_SIGN_IDENTITY[sdk=iphoneos*]" = "iPhone Developer";
				COPY_PHASE_STRIP = NO;
				DEBUG_INFORMATION_FORMAT = dwarf;
				ENABLE_STRICT_OBJC_MSGSEND = YES;
				ENABLE_TESTABILITY = YES;
				GCC_C_LANGUAGE_STANDARD = gnu99;
				GCC_DYNAMIC_NO_PIC = NO;
				GCC_NO_COMMON_BLOCKS = YES;
				GCC_OPTIMIZATION_LEVEL = 0;
				GCC_PREPROCESSOR_DEFINITIONS = (
					"DEBUG=1",
					"$(inherited)",
				);
				GCC_WARN_64_TO_32_BIT_CONVERSION = YES;
				GCC_WARN_ABOUT_RETURN_TYPE = YES_ERROR;
				GCC_WARN_UNDECLARED_SELECTOR = YES;
				GCC_WARN_UNINITIALIZED_AUTOS = YES_AGGRESSIVE;
				GCC_WARN_UNUSED_FUNCTION = YES;
				GCC_WARN_UNUSED_VARIABLE = YES;
				IPHONEOS_DEPLOYMENT_TARGET = 10.0;
				MTL_ENABLE_DEBUG_INFO = YES;
				ONLY_ACTIVE_ARCH = YES;
				SDKROOT = iphoneos;
				SWIFT_OPTIMIZATION_LEVEL = "-Onone";
				TARGETED_DEVICE_FAMILY = "1,2";
			};
			name = Debug;
		};
		C5941BE51DBBFD940057A46A /* Release */ = {
			isa = XCBuildConfiguration;
			buildSettings = {
				ALWAYS_SEARCH_USER_PATHS = NO;
				CLANG_ANALYZER_NONNULL = YES;
				CLANG_CXX_LANGUAGE_STANDARD = "gnu++0x";
				CLANG_CXX_LIBRARY = "libc++";
				CLANG_ENABLE_MODULES = YES;
				CLANG_ENABLE_OBJC_ARC = YES;
				CLANG_WARN_BOOL_CONVERSION = YES;
				CLANG_WARN_CONSTANT_CONVERSION = YES;
				CLANG_WARN_DIRECT_OBJC_ISA_USAGE = YES_ERROR;
				CLANG_WARN_EMPTY_BODY = YES;
				CLANG_WARN_ENUM_CONVERSION = YES;
				CLANG_WARN_INFINITE_RECURSION = YES;
				CLANG_WARN_INT_CONVERSION = YES;
				CLANG_WARN_OBJC_ROOT_CLASS = YES_ERROR;
				CLANG_WARN_SUSPICIOUS_MOVE = YES;
				CLANG_WARN_UNREACHABLE_CODE = YES;
				CLANG_WARN__DUPLICATE_METHOD_MATCH = YES;
				CODE_SIGN_IDENTITY = "iPhone Developer: brandonsesipod@gmail.com (37Y7RQX674)";
				"CODE_SIGN_IDENTITY[sdk=iphoneos*]" = "iPhone Developer";
				COPY_PHASE_STRIP = NO;
				DEBUG_INFORMATION_FORMAT = "dwarf-with-dsym";
				ENABLE_NS_ASSERTIONS = NO;
				ENABLE_STRICT_OBJC_MSGSEND = YES;
				GCC_C_LANGUAGE_STANDARD = gnu99;
				GCC_NO_COMMON_BLOCKS = YES;
				GCC_WARN_64_TO_32_BIT_CONVERSION = YES;
				GCC_WARN_ABOUT_RETURN_TYPE = YES_ERROR;
				GCC_WARN_UNDECLARED_SELECTOR = YES;
				GCC_WARN_UNINITIALIZED_AUTOS = YES_AGGRESSIVE;
				GCC_WARN_UNUSED_FUNCTION = YES;
				GCC_WARN_UNUSED_VARIABLE = YES;
				IPHONEOS_DEPLOYMENT_TARGET = 10.0;
				MTL_ENABLE_DEBUG_INFO = NO;
				SDKROOT = iphoneos;
				SWIFT_OPTIMIZATION_LEVEL = "-Owholemodule";
				TARGETED_DEVICE_FAMILY = "1,2";
				VALIDATE_PRODUCT = YES;
			};
			name = Release;
		};
		C5941BE71DBBFD940057A46A /* Debug */ = {
			isa = XCBuildConfiguration;
			buildSettings = {
				ASSETCATALOG_COMPILER_APPICON_NAME = AppIcon;
				CLANG_ENABLE_MODULES = YES;
				"CODE_SIGN_IDENTITY[sdk=iphoneos*]" = "iPhone Developer";
				DEVELOPMENT_TEAM = 98PHYR992B;
				INFOPLIST_FILE = "Occupy Mars/Info.plist";
				IPHONEOS_DEPLOYMENT_TARGET = 9.3;
				LD_RUNPATH_SEARCH_PATHS = "$(inherited) @executable_path/Frameworks";
				PRODUCT_BUNDLE_IDENTIFIER = orbitals;
				PRODUCT_NAME = "$(TARGET_NAME)";
				SWIFT_OBJC_BRIDGING_HEADER = "";
				SWIFT_OPTIMIZATION_LEVEL = "-Onone";
				SWIFT_VERSION = 3.0;
				TARGETED_DEVICE_FAMILY = 1;
			};
			name = Debug;
		};
		C5941BE81DBBFD940057A46A /* Release */ = {
			isa = XCBuildConfiguration;
			buildSettings = {
				ASSETCATALOG_COMPILER_APPICON_NAME = AppIcon;
				CLANG_ENABLE_MODULES = YES;
				"CODE_SIGN_IDENTITY[sdk=iphoneos*]" = "iPhone Developer";
				DEVELOPMENT_TEAM = 98PHYR992B;
				INFOPLIST_FILE = "Occupy Mars/Info.plist";
				IPHONEOS_DEPLOYMENT_TARGET = 9.3;
				LD_RUNPATH_SEARCH_PATHS = "$(inherited) @executable_path/Frameworks";
				PRODUCT_BUNDLE_IDENTIFIER = orbitals;
				PRODUCT_NAME = "$(TARGET_NAME)";
				SWIFT_OBJC_BRIDGING_HEADER = "";
				SWIFT_VERSION = 3.0;
				TARGETED_DEVICE_FAMILY = 1;
			};
			name = Release;
		};
/* End XCBuildConfiguration section */

/* Begin XCConfigurationList section */
		C5941BCB1DBBFD940057A46A /* Build configuration list for PBXProject "Occupy Mars" */ = {
			isa = XCConfigurationList;
			buildConfigurations = (
				C5941BE41DBBFD940057A46A /* Debug */,
				C5941BE51DBBFD940057A46A /* Release */,
			);
			defaultConfigurationIsVisible = 0;
			defaultConfigurationName = Release;
		};
		C5941BE61DBBFD940057A46A /* Build configuration list for PBXNativeTarget "Occupy Mars" */ = {
			isa = XCConfigurationList;
			buildConfigurations = (
				C5941BE71DBBFD940057A46A /* Debug */,
				C5941BE81DBBFD940057A46A /* Release */,
			);
			defaultConfigurationIsVisible = 0;
			defaultConfigurationName = Release;
		};
/* End XCConfigurationList section */
	};
	rootObject = C5941BC81DBBFD940057A46A /* Project object */;
}
