// !$*UTF8*$!
{
	archiveVersion = 1;
	classes = {
	};
	objectVersion = 46;
	objects = {

/* Begin PBXBuildFile section */
		C515AE611DC8E135009A498C /* TestViewController.swift in Sources */ = {isa = PBXBuildFile; fileRef = C515AE601DC8E135009A498C /* TestViewController.swift */; };
		C515AE631DC91126009A498C /* DetailViewController.swift in Sources */ = {isa = PBXBuildFile; fileRef = C515AE621DC91126009A498C /* DetailViewController.swift */; };
		C52458381DC578F1009F3374 /* Planet.swift in Sources */ = {isa = PBXBuildFile; fileRef = C52458371DC578F1009F3374 /* Planet.swift */; };
		C524583A1DC5988D009F3374 /* Moon.swift in Sources */ = {isa = PBXBuildFile; fileRef = C52458391DC5988D009F3374 /* Moon.swift */; };
		C524583C1DC59E0B009F3374 /* Types.swift in Sources */ = {isa = PBXBuildFile; fileRef = C524583B1DC59E0B009F3374 /* Types.swift */; };
		C55D35571DCFDC2000133292 /* untitled.dae in Resources */ = {isa = PBXBuildFile; fileRef = C55D35561DCFDC2000133292 /* untitled.dae */; };
		C55D355B1DCFEB6E00133292 /* phobos.obj in Resources */ = {isa = PBXBuildFile; fileRef = C55D355A1DCFEB6E00133292 /* phobos.obj */; };
		C58DEB8F1DC6B50400E6C1F3 /* PlanetCell.swift in Sources */ = {isa = PBXBuildFile; fileRef = C58DEB8E1DC6B50400E6C1F3 /* PlanetCell.swift */; };
		C5941BD41DBBFD940057A46A /* AppDelegate.swift in Sources */ = {isa = PBXBuildFile; fileRef = C5941BD31DBBFD940057A46A /* AppDelegate.swift */; };
		C5941BDD1DBBFD940057A46A /* Main.storyboard in Resources */ = {isa = PBXBuildFile; fileRef = C5941BDB1DBBFD940057A46A /* Main.storyboard */; };
		C5941BDF1DBBFD940057A46A /* Assets.xcassets in Resources */ = {isa = PBXBuildFile; fileRef = C5941BDE1DBBFD940057A46A /* Assets.xcassets */; };
		C5941BE21DBBFD940057A46A /* LaunchScreen.storyboard in Resources */ = {isa = PBXBuildFile; fileRef = C5941BE01DBBFD940057A46A /* LaunchScreen.storyboard */; };
		C5941BEA1DBBFEA40057A46A /* IntroPageViewController.swift in Sources */ = {isa = PBXBuildFile; fileRef = C5941BE91DBBFEA40057A46A /* IntroPageViewController.swift */; };
		C5991A3E1DD9738200A86F04 /* WaterfallLayout.swift in Sources */ = {isa = PBXBuildFile; fileRef = C5991A3D1DD9738200A86F04 /* WaterfallLayout.swift */; };
		C5AB79FA1DEC8D310097C295 /* DataViewCell.xib in Resources */ = {isa = PBXBuildFile; fileRef = C5AB79F91DEC8D310097C295 /* DataViewCell.xib */; };
		C5AB79FC1DEC8EA10097C295 /* DataViewCellController.swift in Sources */ = {isa = PBXBuildFile; fileRef = C5AB79FB1DEC8EA10097C295 /* DataViewCellController.swift */; };
		C5AEC3EE1DCE5CB200992AEB /* texture sources.rtf in Resources */ = {isa = PBXBuildFile; fileRef = C5AEC3ED1DCE5CB200992AEB /* texture sources.rtf */; };
		C5AEC3F11DCE778800992AEB /* GeneralAboutViewController.swift in Sources */ = {isa = PBXBuildFile; fileRef = C5AEC3F01DCE778800992AEB /* GeneralAboutViewController.swift */; };
		C5AEC3F31DCE77C500992AEB /* MoonsAboutViewController.swift in Sources */ = {isa = PBXBuildFile; fileRef = C5AEC3F21DCE77C500992AEB /* MoonsAboutViewController.swift */; };
		C5AEC3F51DCE77D500992AEB /* DetailsAboutViewController.swift in Sources */ = {isa = PBXBuildFile; fileRef = C5AEC3F41DCE77D500992AEB /* DetailsAboutViewController.swift */; };
		C5AEC3F71DCE77E600992AEB /* RingsAboutViewController.swift in Sources */ = {isa = PBXBuildFile; fileRef = C5AEC3F61DCE77E600992AEB /* RingsAboutViewController.swift */; };
		C5AEC3F91DCE77FA00992AEB /* MediaAboutViewController.swift in Sources */ = {isa = PBXBuildFile; fileRef = C5AEC3F81DCE77FA00992AEB /* MediaAboutViewController.swift */; };
		C5AEC3FB1DCE7BDE00992AEB /* AboutTableViewController.swift in Sources */ = {isa = PBXBuildFile; fileRef = C5AEC3FA1DCE7BDE00992AEB /* AboutTableViewController.swift */; };
		C5AEC3FD1DCE7D0400992AEB /* MoonCell.swift in Sources */ = {isa = PBXBuildFile; fileRef = C5AEC3FC1DCE7D0400992AEB /* MoonCell.swift */; };
		C5C24C7F1DC685F50028FAF5 /* PlanetListViewController.swift in Sources */ = {isa = PBXBuildFile; fileRef = C5C24C7E1DC685F50028FAF5 /* PlanetListViewController.swift */; };
		C5C24C811DC68DA10028FAF5 /* Objects.swift in Sources */ = {isa = PBXBuildFile; fileRef = C5C24C801DC68DA10028FAF5 /* Objects.swift */; };
		C5C281BB1DDB91420036C7A0 /* MediaHolder.swift in Sources */ = {isa = PBXBuildFile; fileRef = C5C281BA1DDB91420036C7A0 /* MediaHolder.swift */; };
		C5C281C01DDB94B60036C7A0 /* MediaViewCell.xib in Resources */ = {isa = PBXBuildFile; fileRef = C5C281BF1DDB94B60036C7A0 /* MediaViewCell.xib */; };
		C5CD59C01DD91E4F00ACB8EA /* GlobeViewController.swift in Sources */ = {isa = PBXBuildFile; fileRef = C5CD59BF1DD91E4F00ACB8EA /* GlobeViewController.swift */; };
		C5CD59C31DD91F8600ACB8EA /* background.mp4 in Resources */ = {isa = PBXBuildFile; fileRef = C5CD59C21DD91F8600ACB8EA /* background.mp4 */; };
		C5D515B81DE106400024638D /* InfoModalVewController.swift in Sources */ = {isa = PBXBuildFile; fileRef = C5D515B71DE106400024638D /* InfoModalVewController.swift */; };
		C5F8AA651DCA70330077F137 /* AboutViewController.swift in Sources */ = {isa = PBXBuildFile; fileRef = C5F8AA641DCA70330077F137 /* AboutViewController.swift */; };
/* End PBXBuildFile section */

/* Begin PBXFileReference section */
		C515AE601DC8E135009A498C /* TestViewController.swift */ = {isa = PBXFileReference; fileEncoding = 4; lastKnownFileType = sourcecode.swift; path = TestViewController.swift; sourceTree = "<group>"; };
		C515AE621DC91126009A498C /* DetailViewController.swift */ = {isa = PBXFileReference; fileEncoding = 4; lastKnownFileType = sourcecode.swift; path = DetailViewController.swift; sourceTree = "<group>"; };
		C52458371DC578F1009F3374 /* Planet.swift */ = {isa = PBXFileReference; fileEncoding = 4; lastKnownFileType = sourcecode.swift; path = Planet.swift; sourceTree = "<group>"; };
		C52458391DC5988D009F3374 /* Moon.swift */ = {isa = PBXFileReference; fileEncoding = 4; lastKnownFileType = sourcecode.swift; path = Moon.swift; sourceTree = "<group>"; };
		C524583B1DC59E0B009F3374 /* Types.swift */ = {isa = PBXFileReference; fileEncoding = 4; lastKnownFileType = sourcecode.swift; path = Types.swift; sourceTree = "<group>"; };
		C55D35561DCFDC2000133292 /* untitled.dae */ = {isa = PBXFileReference; fileEncoding = 4; lastKnownFileType = text.xml.dae; path = untitled.dae; sourceTree = "<group>"; };
		C55D355A1DCFEB6E00133292 /* phobos.obj */ = {isa = PBXFileReference; fileEncoding = 4; lastKnownFileType = text; name = phobos.obj; path = Assets.xcassets/phobos/phobos.dataset/phobos.obj; sourceTree = "<group>"; };
		C58DEB8E1DC6B50400E6C1F3 /* PlanetCell.swift */ = {isa = PBXFileReference; fileEncoding = 4; lastKnownFileType = sourcecode.swift; path = PlanetCell.swift; sourceTree = "<group>"; };
		C5941BD01DBBFD940057A46A /* Occupy Mars.app */ = {isa = PBXFileReference; explicitFileType = wrapper.application; includeInIndex = 0; path = "Occupy Mars.app"; sourceTree = BUILT_PRODUCTS_DIR; };
		C5941BD31DBBFD940057A46A /* AppDelegate.swift */ = {isa = PBXFileReference; lastKnownFileType = sourcecode.swift; path = AppDelegate.swift; sourceTree = "<group>"; };
		C5941BDC1DBBFD940057A46A /* Base */ = {isa = PBXFileReference; lastKnownFileType = file.storyboard; name = Base; path = Base.lproj/Main.storyboard; sourceTree = "<group>"; };
		C5941BDE1DBBFD940057A46A /* Assets.xcassets */ = {isa = PBXFileReference; lastKnownFileType = folder.assetcatalog; path = Assets.xcassets; sourceTree = "<group>"; };
		C5941BE11DBBFD940057A46A /* Base */ = {isa = PBXFileReference; lastKnownFileType = file.storyboard; name = Base; path = Base.lproj/LaunchScreen.storyboard; sourceTree = "<group>"; };
		C5941BE31DBBFD940057A46A /* Info.plist */ = {isa = PBXFileReference; lastKnownFileType = text.plist.xml; path = Info.plist; sourceTree = "<group>"; };
		C5941BE91DBBFEA40057A46A /* IntroPageViewController.swift */ = {isa = PBXFileReference; fileEncoding = 4; lastKnownFileType = sourcecode.swift; path = IntroPageViewController.swift; sourceTree = "<group>"; };
		C5991A3D1DD9738200A86F04 /* WaterfallLayout.swift */ = {isa = PBXFileReference; fileEncoding = 4; lastKnownFileType = sourcecode.swift; path = WaterfallLayout.swift; sourceTree = "<group>"; };
		C5AB79F91DEC8D310097C295 /* DataViewCell.xib */ = {isa = PBXFileReference; fileEncoding = 4; lastKnownFileType = file.xib; path = DataViewCell.xib; sourceTree = "<group>"; };
		C5AB79FB1DEC8EA10097C295 /* DataViewCellController.swift */ = {isa = PBXFileReference; fileEncoding = 4; lastKnownFileType = sourcecode.swift; path = DataViewCellController.swift; sourceTree = "<group>"; };
		C5AEC3ED1DCE5CB200992AEB /* texture sources.rtf */ = {isa = PBXFileReference; fileEncoding = 4; lastKnownFileType = text.rtf; path = "texture sources.rtf"; sourceTree = "<group>"; };
		C5AEC3F01DCE778800992AEB /* GeneralAboutViewController.swift */ = {isa = PBXFileReference; fileEncoding = 4; lastKnownFileType = sourcecode.swift; path = GeneralAboutViewController.swift; sourceTree = "<group>"; };
		C5AEC3F21DCE77C500992AEB /* MoonsAboutViewController.swift */ = {isa = PBXFileReference; fileEncoding = 4; lastKnownFileType = sourcecode.swift; path = MoonsAboutViewController.swift; sourceTree = "<group>"; };
		C5AEC3F41DCE77D500992AEB /* DetailsAboutViewController.swift */ = {isa = PBXFileReference; fileEncoding = 4; lastKnownFileType = sourcecode.swift; path = DetailsAboutViewController.swift; sourceTree = "<group>"; };
		C5AEC3F61DCE77E600992AEB /* RingsAboutViewController.swift */ = {isa = PBXFileReference; fileEncoding = 4; lastKnownFileType = sourcecode.swift; path = RingsAboutViewController.swift; sourceTree = "<group>"; };
		C5AEC3F81DCE77FA00992AEB /* MediaAboutViewController.swift */ = {isa = PBXFileReference; fileEncoding = 4; lastKnownFileType = sourcecode.swift; path = MediaAboutViewController.swift; sourceTree = "<group>"; };
		C5AEC3FA1DCE7BDE00992AEB /* AboutTableViewController.swift */ = {isa = PBXFileReference; fileEncoding = 4; lastKnownFileType = sourcecode.swift; path = AboutTableViewController.swift; sourceTree = "<group>"; };
		C5AEC3FC1DCE7D0400992AEB /* MoonCell.swift */ = {isa = PBXFileReference; fileEncoding = 4; lastKnownFileType = sourcecode.swift; path = MoonCell.swift; sourceTree = "<group>"; };
		C5C24C7E1DC685F50028FAF5 /* PlanetListViewController.swift */ = {isa = PBXFileReference; fileEncoding = 4; lastKnownFileType = sourcecode.swift; path = PlanetListViewController.swift; sourceTree = "<group>"; };
		C5C24C801DC68DA10028FAF5 /* Objects.swift */ = {isa = PBXFileReference; fileEncoding = 4; lastKnownFileType = sourcecode.swift; path = Objects.swift; sourceTree = "<group>"; };
		C5C281BA1DDB91420036C7A0 /* MediaHolder.swift */ = {isa = PBXFileReference; fileEncoding = 4; lastKnownFileType = sourcecode.swift; path = MediaHolder.swift; sourceTree = "<group>"; };
		C5C281BF1DDB94B60036C7A0 /* MediaViewCell.xib */ = {isa = PBXFileReference; fileEncoding = 4; lastKnownFileType = file.xib; path = MediaViewCell.xib; sourceTree = "<group>"; };
		C5CD59BF1DD91E4F00ACB8EA /* GlobeViewController.swift */ = {isa = PBXFileReference; fileEncoding = 4; lastKnownFileType = sourcecode.swift; path = GlobeViewController.swift; sourceTree = "<group>"; };
		C5CD59C21DD91F8600ACB8EA /* background.mp4 */ = {isa = PBXFileReference; lastKnownFileType = file; path = background.mp4; sourceTree = "<group>"; };
		C5D515B71DE106400024638D /* InfoModalVewController.swift */ = {isa = PBXFileReference; fileEncoding = 4; lastKnownFileType = sourcecode.swift; path = InfoModalVewController.swift; sourceTree = "<group>"; };
		C5F8AA641DCA70330077F137 /* AboutViewController.swift */ = {isa = PBXFileReference; fileEncoding = 4; lastKnownFileType = sourcecode.swift; path = AboutViewController.swift; sourceTree = "<group>"; };
/* End PBXFileReference section */

/* Begin PBXFrameworksBuildPhase section */
		C5941BCD1DBBFD940057A46A /* Frameworks */ = {
			isa = PBXFrameworksBuildPhase;
			buildActionMask = 2147483647;
			files = (
			);
			runOnlyForDeploymentPostprocessing = 0;
		};
/* End PBXFrameworksBuildPhase section */

/* Begin PBXGroup section */
		C52458361DC578BA009F3374 /* model */ = {
			isa = PBXGroup;
			children = (
				C52458371DC578F1009F3374 /* Planet.swift */,
				C52458391DC5988D009F3374 /* Moon.swift */,
				C524583B1DC59E0B009F3374 /* Types.swift */,
				C5C24C801DC68DA10028FAF5 /* Objects.swift */,
				C5AEC3ED1DCE5CB200992AEB /* texture sources.rtf */,
			);
			name = model;
			sourceTree = "<group>";
		};
		C5941BC71DBBFD940057A46A = {
			isa = PBXGroup;
			children = (
				C5941BD21DBBFD940057A46A /* Occupy Mars */,
				C5941BD11DBBFD940057A46A /* Products */,
			);
			sourceTree = "<group>";
		};
		C5941BD11DBBFD940057A46A /* Products */ = {
			isa = PBXGroup;
			children = (
				C5941BD01DBBFD940057A46A /* Occupy Mars.app */,
			);
			name = Products;
			sourceTree = "<group>";
		};
		C5941BD21DBBFD940057A46A /* Occupy Mars */ = {
			isa = PBXGroup;
			children = (
				C52458361DC578BA009F3374 /* model */,
				C5941BE31DBBFD940057A46A /* Info.plist */,
				C5CD59C21DD91F8600ACB8EA /* background.mp4 */,
				C55D35561DCFDC2000133292 /* untitled.dae */,
				C55D355A1DCFEB6E00133292 /* phobos.obj */,
				C5941BE01DBBFD940057A46A /* LaunchScreen.storyboard */,
				C5941BDB1DBBFD940057A46A /* Main.storyboard */,
				C5C281BF1DDB94B60036C7A0 /* MediaViewCell.xib */,
				C5AB79F91DEC8D310097C295 /* DataViewCell.xib */,
				C5941BDE1DBBFD940057A46A /* Assets.xcassets */,
				C5941BD31DBBFD940057A46A /* AppDelegate.swift */,
				C58DEB8E1DC6B50400E6C1F3 /* PlanetCell.swift */,
				C5AEC3FC1DCE7D0400992AEB /* MoonCell.swift */,
				C5941BE91DBBFEA40057A46A /* IntroPageViewController.swift */,
				C5D515B71DE106400024638D /* InfoModalVewController.swift */,
				C5C24C7E1DC685F50028FAF5 /* PlanetListViewController.swift */,
				C515AE601DC8E135009A498C /* TestViewController.swift */,
				C515AE621DC91126009A498C /* DetailViewController.swift */,
				C5F8AA641DCA70330077F137 /* AboutViewController.swift */,
				C5AEC3FA1DCE7BDE00992AEB /* AboutTableViewController.swift */,
				C5991A3D1DD9738200A86F04 /* WaterfallLayout.swift */,
				C5AEC3EF1DCE775100992AEB /* details */,
			);
			path = "Occupy Mars";
			sourceTree = "<group>";
		};
		C5AEC3EF1DCE775100992AEB /* details */ = {
			isa = PBXGroup;
			children = (
				C5CD59BF1DD91E4F00ACB8EA /* GlobeViewController.swift */,
				C5AEC3F01DCE778800992AEB /* GeneralAboutViewController.swift */,
				C5AEC3F21DCE77C500992AEB /* MoonsAboutViewController.swift */,
				C5AEC3F41DCE77D500992AEB /* DetailsAboutViewController.swift */,
				C5AEC3F61DCE77E600992AEB /* RingsAboutViewController.swift */,
				C5AEC3F81DCE77FA00992AEB /* MediaAboutViewController.swift */,
				C5C281BA1DDB91420036C7A0 /* MediaHolder.swift */,
				C5AB79FB1DEC8EA10097C295 /* DataViewCellController.swift */,
			);
			name = details;
			sourceTree = "<group>";
		};
/* End PBXGroup section */

/* Begin PBXNativeTarget section */
		C5941BCF1DBBFD940057A46A /* Occupy Mars */ = {
			isa = PBXNativeTarget;
			buildConfigurationList = C5941BE61DBBFD940057A46A /* Build configuration list for PBXNativeTarget "Occupy Mars" */;
			buildPhases = (
				C5941BCC1DBBFD940057A46A /* Sources */,
				C5941BCD1DBBFD940057A46A /* Frameworks */,
				C5941BCE1DBBFD940057A46A /* Resources */,
			);
			buildRules = (
			);
			dependencies = (
			);
			name = "Occupy Mars";
			productName = "Occupy Mars";
			productReference = C5941BD01DBBFD940057A46A /* Occupy Mars.app */;
			productType = "com.apple.product-type.application";
		};
/* End PBXNativeTarget section */

/* Begin PBXProject section */
		C5941BC81DBBFD940057A46A /* Project object */ = {
			isa = PBXProject;
			attributes = {
				LastSwiftUpdateCheck = 0730;
				LastUpgradeCheck = 0810;
				ORGANIZATIONNAME = "Slaght, Brandon";
				TargetAttributes = {
					C5941BCF1DBBFD940057A46A = {
						CreatedOnToolsVersion = 7.3.1;
						DevelopmentTeam = ST77J7SW46;
						LastSwiftMigration = 0810;
					};
				};
			};
			buildConfigurationList = C5941BCB1DBBFD940057A46A /* Build configuration list for PBXProject "Occupy Mars" */;
			compatibilityVersion = "Xcode 3.2";
			developmentRegion = English;
			hasScannedForEncodings = 0;
			knownRegions = (
				en,
				Base,
			);
			mainGroup = C5941BC71DBBFD940057A46A;
			productRefGroup = C5941BD11DBBFD940057A46A /* Products */;
			projectDirPath = "";
			projectRoot = "";
			targets = (
				C5941BCF1DBBFD940057A46A /* Occupy Mars */,
			);
		};
/* End PBXProject section */

/* Begin PBXResourcesBuildPhase section */
		C5941BCE1DBBFD940057A46A /* Resources */ = {
			isa = PBXResourcesBuildPhase;
			buildActionMask = 2147483647;
			files = (
				C5941BE21DBBFD940057A46A /* LaunchScreen.storyboard in Resources */,
				C5AEC3EE1DCE5CB200992AEB /* texture sources.rtf in Resources */,
				C5941BDF1DBBFD940057A46A /* Assets.xcassets in Resources */,
				C55D355B1DCFEB6E00133292 /* phobos.obj in Resources */,
				C5AB79FA1DEC8D310097C295 /* DataViewCell.xib in Resources */,
				C5CD59C31DD91F8600ACB8EA /* background.mp4 in Resources */,
				C5C281C01DDB94B60036C7A0 /* MediaViewCell.xib in Resources */,
				C5941BDD1DBBFD940057A46A /* Main.storyboard in Resources */,
				C55D35571DCFDC2000133292 /* untitled.dae in Resources */,
			);
			runOnlyForDeploymentPostprocessing = 0;
		};
/* End PBXResourcesBuildPhase section */

/* Begin PBXSourcesBuildPhase section */
		C5941BCC1DBBFD940057A46A /* Sources */ = {
			isa = PBXSourcesBuildPhase;
			buildActionMask = 2147483647;
			files = (
				C515AE611DC8E135009A498C /* TestViewController.swift in Sources */,
				C5941BEA1DBBFEA40057A46A /* IntroPageViewController.swift in Sources */,
				C5AEC3F11DCE778800992AEB /* GeneralAboutViewController.swift in Sources */,
				C5AEC3F91DCE77FA00992AEB /* MediaAboutViewController.swift in Sources */,
				C5D515B81DE106400024638D /* InfoModalVewController.swift in Sources */,
				C5AEC3FD1DCE7D0400992AEB /* MoonCell.swift in Sources */,
				C5F8AA651DCA70330077F137 /* AboutViewController.swift in Sources */,
				C5AEC3F51DCE77D500992AEB /* DetailsAboutViewController.swift in Sources */,
				C5941BD41DBBFD940057A46A /* AppDelegate.swift in Sources */,
				C5991A3E1DD9738200A86F04 /* WaterfallLayout.swift in Sources */,
				C5C24C811DC68DA10028FAF5 /* Objects.swift in Sources */,
				C524583A1DC5988D009F3374 /* Moon.swift in Sources */,
				C524583C1DC59E0B009F3374 /* Types.swift in Sources */,
				C5C24C7F1DC685F50028FAF5 /* PlanetListViewController.swift in Sources */,
				C5AEC3FB1DCE7BDE00992AEB /* AboutTableViewController.swift in Sources */,
				C515AE631DC91126009A498C /* DetailViewController.swift in Sources */,
				C5AEC3F31DCE77C500992AEB /* MoonsAboutViewController.swift in Sources */,
				C5CD59C01DD91E4F00ACB8EA /* GlobeViewController.swift in Sources */,
				C5AB79FC1DEC8EA10097C295 /* DataViewCellController.swift in Sources */,
				C5C281BB1DDB91420036C7A0 /* MediaHolder.swift in Sources */,
				C5AEC3F71DCE77E600992AEB /* RingsAboutViewController.swift in Sources */,
				C58DEB8F1DC6B50400E6C1F3 /* PlanetCell.swift in Sources */,
				C52458381DC578F1009F3374 /* Planet.swift in Sources */,
			);
			runOnlyForDeploymentPostprocessing = 0;
		};
/* End PBXSourcesBuildPhase section */

/* Begin PBXVariantGroup section */
		C5941BDB1DBBFD940057A46A /* Main.storyboard */ = {
			isa = PBXVariantGroup;
			children = (
				C5941BDC1DBBFD940057A46A /* Base */,
			);
			name = Main.storyboard;
			sourceTree = "<group>";
		};
		C5941BE01DBBFD940057A46A /* LaunchScreen.storyboard */ = {
			isa = PBXVariantGroup;
			children = (
				C5941BE11DBBFD940057A46A /* Base */,
			);
			name = LaunchScreen.storyboard;
			sourceTree = "<group>";
		};
/* End PBXVariantGroup section */

/* Begin XCBuildConfiguration section */
		C5941BE41DBBFD940057A46A /* Debug */ = {
			isa = XCBuildConfiguration;
			buildSettings = {
				ALWAYS_SEARCH_USER_PATHS = NO;
				CLANG_ANALYZER_NONNULL = YES;
				CLANG_CXX_LANGUAGE_STANDARD = "gnu++0x";
				CLANG_CXX_LIBRARY = "libc++";
				CLANG_ENABLE_MODULES = YES;
				CLANG_ENABLE_OBJC_ARC = YES;
				CLANG_WARN_BOOL_CONVERSION = YES;
				CLANG_WARN_CONSTANT_CONVERSION = YES;
				CLANG_WARN_DIRECT_OBJC_ISA_USAGE = YES_ERROR;
				CLANG_WARN_EMPTY_BODY = YES;
				CLANG_WARN_ENUM_CONVERSION = YES;
				CLANG_WARN_INFINITE_RECURSION = YES;
				CLANG_WARN_INT_CONVERSION = YES;
				CLANG_WARN_OBJC_ROOT_CLASS = YES_ERROR;
				CLANG_WARN_SUSPICIOUS_MOVE = YES;
				CLANG_WARN_UNREACHABLE_CODE = YES;
				CLANG_WARN__DUPLICATE_METHOD_MATCH = YES;
				CODE_SIGN_IDENTITY = "iPhone Developer: brandonsesipod@gmail.com (37Y7RQX674)";
				"CODE_SIGN_IDENTITY[sdk=iphoneos*]" = "iPhone Developer";
				COPY_PHASE_STRIP = NO;
				DEBUG_INFORMATION_FORMAT = dwarf;
				ENABLE_STRICT_OBJC_MSGSEND = YES;
				ENABLE_TESTABILITY = YES;
				GCC_C_LANGUAGE_STANDARD = gnu99;
				GCC_DYNAMIC_NO_PIC = NO;
				GCC_NO_COMMON_BLOCKS = YES;
				GCC_OPTIMIZATION_LEVEL = 0;
				GCC_PREPROCESSOR_DEFINITIONS = (
					"DEBUG=1",
					"$(inherited)",
				);
				GCC_WARN_64_TO_32_BIT_CONVERSION = YES;
				GCC_WARN_ABOUT_RETURN_TYPE = YES_ERROR;
				GCC_WARN_UNDECLARED_SELECTOR = YES;
				GCC_WARN_UNINITIALIZED_AUTOS = YES_AGGRESSIVE;
				GCC_WARN_UNUSED_FUNCTION = YES;
				GCC_WARN_UNUSED_VARIABLE = YES;
				IPHONEOS_DEPLOYMENT_TARGET = 10.0;
				MTL_ENABLE_DEBUG_INFO = YES;
				ONLY_ACTIVE_ARCH = YES;
				SDKROOT = iphoneos;
				SWIFT_OPTIMIZATION_LEVEL = "-Onone";
				TARGETED_DEVICE_FAMILY = "1,2";
			};
			name = Debug;
		};
		C5941BE51DBBFD940057A46A /* Release */ = {
			isa = XCBuildConfiguration;
			buildSettings = {
				ALWAYS_SEARCH_USER_PATHS = NO;
				CLANG_ANALYZER_NONNULL = YES;
				CLANG_CXX_LANGUAGE_STANDARD = "gnu++0x";
				CLANG_CXX_LIBRARY = "libc++";
				CLANG_ENABLE_MODULES = YES;
				CLANG_ENABLE_OBJC_ARC = YES;
				CLANG_WARN_BOOL_CONVERSION = YES;
				CLANG_WARN_CONSTANT_CONVERSION = YES;
				CLANG_WARN_DIRECT_OBJC_ISA_USAGE = YES_ERROR;
				CLANG_WARN_EMPTY_BODY = YES;
				CLANG_WARN_ENUM_CONVERSION = YES;
				CLANG_WARN_INFINITE_RECURSION = YES;
				CLANG_WARN_INT_CONVERSION = YES;
				CLANG_WARN_OBJC_ROOT_CLASS = YES_ERROR;
				CLANG_WARN_SUSPICIOUS_MOVE = YES;
				CLANG_WARN_UNREACHABLE_CODE = YES;
				CLANG_WARN__DUPLICATE_METHOD_MATCH = YES;
				CODE_SIGN_IDENTITY = "iPhone Developer: brandonsesipod@gmail.com (37Y7RQX674)";
				"CODE_SIGN_IDENTITY[sdk=iphoneos*]" = "iPhone Developer";
				COPY_PHASE_STRIP = NO;
				DEBUG_INFORMATION_FORMAT = "dwarf-with-dsym";
				ENABLE_NS_ASSERTIONS = NO;
				ENABLE_STRICT_OBJC_MSGSEND = YES;
				GCC_C_LANGUAGE_STANDARD = gnu99;
				GCC_NO_COMMON_BLOCKS = YES;
				GCC_WARN_64_TO_32_BIT_CONVERSION = YES;
				GCC_WARN_ABOUT_RETURN_TYPE = YES_ERROR;
				GCC_WARN_UNDECLARED_SELECTOR = YES;
				GCC_WARN_UNINITIALIZED_AUTOS = YES_AGGRESSIVE;
				GCC_WARN_UNUSED_FUNCTION = YES;
				GCC_WARN_UNUSED_VARIABLE = YES;
				IPHONEOS_DEPLOYMENT_TARGET = 10.0;
				MTL_ENABLE_DEBUG_INFO = NO;
				SDKROOT = iphoneos;
				SWIFT_OPTIMIZATION_LEVEL = "-Owholemodule";
				TARGETED_DEVICE_FAMILY = "1,2";
				VALIDATE_PRODUCT = YES;
			};
			name = Release;
		};
		C5941BE71DBBFD940057A46A /* Debug */ = {
			isa = XCBuildConfiguration;
			buildSettings = {
				ASSETCATALOG_COMPILER_APPICON_NAME = AppIcon;
				DEVELOPMENT_TEAM = ST77J7SW46;
				INFOPLIST_FILE = "Occupy Mars/Info.plist";
				IPHONEOS_DEPLOYMENT_TARGET = 9.3;
				LD_RUNPATH_SEARCH_PATHS = "$(inherited) @executable_path/Frameworks";
				PRODUCT_BUNDLE_IDENTIFIER = "bslaght.Occupy-Mars";
				PRODUCT_NAME = "$(TARGET_NAME)";
				SWIFT_VERSION = 3.0;
			};
			name = Debug;
		};
		C5941BE81DBBFD940057A46A /* Release */ = {
			isa = XCBuildConfiguration;
			buildSettings = {
				ASSETCATALOG_COMPILER_APPICON_NAME = AppIcon;
				DEVELOPMENT_TEAM = ST77J7SW46;
				INFOPLIST_FILE = "Occupy Mars/Info.plist";
				IPHONEOS_DEPLOYMENT_TARGET = 9.3;
				LD_RUNPATH_SEARCH_PATHS = "$(inherited) @executable_path/Frameworks";
				PRODUCT_BUNDLE_IDENTIFIER = "bslaght.Occupy-Mars";
				PRODUCT_NAME = "$(TARGET_NAME)";
				SWIFT_VERSION = 3.0;
			};
			name = Release;
		};
/* End XCBuildConfiguration section */

/* Begin XCConfigurationList section */
		C5941BCB1DBBFD940057A46A /* Build configuration list for PBXProject "Occupy Mars" */ = {
			isa = XCConfigurationList;
			buildConfigurations = (
				C5941BE41DBBFD940057A46A /* Debug */,
				C5941BE51DBBFD940057A46A /* Release */,
			);
			defaultConfigurationIsVisible = 0;
			defaultConfigurationName = Release;
		};
		C5941BE61DBBFD940057A46A /* Build configuration list for PBXNativeTarget "Occupy Mars" */ = {
			isa = XCConfigurationList;
			buildConfigurations = (
				C5941BE71DBBFD940057A46A /* Debug */,
				C5941BE81DBBFD940057A46A /* Release */,
			);
			defaultConfigurationIsVisible = 0;
			defaultConfigurationName = Release;
		};
/* End XCConfigurationList section */
	};
	rootObject = C5941BC81DBBFD940057A46A /* Project object */;
}
